
Microsoft Visual Studio Solution File, Format Version 12.00
# Visual Studio 15
VisualStudioVersion = 15.0.26730.3
MinimumVisualStudioVersion = 10.0.40219.1
Project("{FAE04EC0-301F-11D3-BF4B-00C04F79EFBC}") = "Asseco.CSharp.HelloWorld", "Asseco.CSharp.HelloWorld\Asseco.CSharp.HelloWorld.csproj", "{91C57740-917A-4334-8521-3490FD2BF2FF}"
EndProject
Project("{FAE04EC0-301F-11D3-BF4B-00C04F79EFBC}") = "Asseco.CSharp.Interaction", "Asseco.CSharp.Interaction\Asseco.CSharp.Interaction.csproj", "{2C034F20-B108-4BBB-BAEB-4F8CD345BA64}"
EndProject
Project("{FAE04EC0-301F-11D3-BF4B-00C04F79EFBC}") = "Asseco.CSharp.Variables", "Asseco.CSharp.Variables\Asseco.CSharp.Variables.csproj", "{F30E8CBC-EE42-44A7-8B4E-70259EDDDBEB}"
EndProject
Project("{FAE04EC0-301F-11D3-BF4B-00C04F79EFBC}") = "Asseco.CSharp.Casting", "Asseco.CSharp.Casting\Asseco.CSharp.Casting.csproj", "{24345160-3614-40EA-9AC0-CD45D64F2C52}"
EndProject
Project("{FAE04EC0-301F-11D3-BF4B-00C04F79EFBC}") = "Asseco.CSharp.ConditionExpression", "Asseco.CSharp.ConditionExpression\Asseco.CSharp.ConditionExpression.csproj", "{E50C1D4F-8680-4438-BE0B-FE5D9AFEC685}"
EndProject
Project("{FAE04EC0-301F-11D3-BF4B-00C04F79EFBC}") = "Asseco.CSharp.Loops", "Asseco.CSharp.Loops\Asseco.CSharp.Loops.csproj", "{B3E1498D-B0D6-460C-957E-0115010C3F87}"
EndProject
Project("{FAE04EC0-301F-11D3-BF4B-00C04F79EFBC}") = "Asseco.CSharp.Enum", "Asseco.CSharp.Enum\Asseco.CSharp.Enum.csproj", "{B742A24B-956C-4958-BE40-334A9E3C6DBF}"
EndProject
Project("{FAE04EC0-301F-11D3-BF4B-00C04F79EFBC}") = "Asseco.CSharp.Methods", "Asseco.CSharp.Methods\Asseco.CSharp.Methods.csproj", "{15049DE2-B9E3-4A7F-B8B4-C109EDA3777C}"
EndProject
Project("{FAE04EC0-301F-11D3-BF4B-00C04F79EFBC}") = "Asseco.CSharp.Classes", "Asseco.CSharp.Classes\Asseco.CSharp.Classes.csproj", "{EC90BCD0-3618-496D-BEA3-6B2AD41E63DE}"
EndProject
Project("{FAE04EC0-301F-11D3-BF4B-00C04F79EFBC}") = "Asseco.CSharp.Excercise2", "Asseco.CSharp.Excercise2\Asseco.CSharp.Excercise2.csproj", "{B13AFCFC-82C3-49A0-89E2-EBEB4604B482}"
EndProject
Project("{FAE04EC0-301F-11D3-BF4B-00C04F79EFBC}") = "Asseco.CSharp.Lists", "Asseco.CSharp.Lists\Asseco.CSharp.Lists.csproj", "{F96A0DFA-38EF-46D0-8831-EE3B26A176C0}"
EndProject
Project("{FAE04EC0-301F-11D3-BF4B-00C04F79EFBC}") = "Asseco.CSharp.Inheritence", "Asseco.CSharp.Inheritence\Asseco.CSharp.Inheritence.csproj", "{6B2E467E-ECF5-482D-8B9D-3D9409C06ABD}"
EndProject
Global
	GlobalSection(SolutionConfigurationPlatforms) = preSolution
		Debug|Any CPU = Debug|Any CPU
		Release|Any CPU = Release|Any CPU
	EndGlobalSection
	GlobalSection(ProjectConfigurationPlatforms) = postSolution
		{91C57740-917A-4334-8521-3490FD2BF2FF}.Debug|Any CPU.ActiveCfg = Debug|Any CPU
		{91C57740-917A-4334-8521-3490FD2BF2FF}.Debug|Any CPU.Build.0 = Debug|Any CPU
		{91C57740-917A-4334-8521-3490FD2BF2FF}.Release|Any CPU.ActiveCfg = Release|Any CPU
		{91C57740-917A-4334-8521-3490FD2BF2FF}.Release|Any CPU.Build.0 = Release|Any CPU
		{2C034F20-B108-4BBB-BAEB-4F8CD345BA64}.Debug|Any CPU.ActiveCfg = Debug|Any CPU
		{2C034F20-B108-4BBB-BAEB-4F8CD345BA64}.Debug|Any CPU.Build.0 = Debug|Any CPU
		{2C034F20-B108-4BBB-BAEB-4F8CD345BA64}.Release|Any CPU.ActiveCfg = Release|Any CPU
		{2C034F20-B108-4BBB-BAEB-4F8CD345BA64}.Release|Any CPU.Build.0 = Release|Any CPU
		{F30E8CBC-EE42-44A7-8B4E-70259EDDDBEB}.Debug|Any CPU.ActiveCfg = Debug|Any CPU
		{F30E8CBC-EE42-44A7-8B4E-70259EDDDBEB}.Debug|Any CPU.Build.0 = Debug|Any CPU
		{F30E8CBC-EE42-44A7-8B4E-70259EDDDBEB}.Release|Any CPU.ActiveCfg = Release|Any CPU
		{F30E8CBC-EE42-44A7-8B4E-70259EDDDBEB}.Release|Any CPU.Build.0 = Release|Any CPU
		{24345160-3614-40EA-9AC0-CD45D64F2C52}.Debug|Any CPU.ActiveCfg = Debug|Any CPU
		{24345160-3614-40EA-9AC0-CD45D64F2C52}.Debug|Any CPU.Build.0 = Debug|Any CPU
		{24345160-3614-40EA-9AC0-CD45D64F2C52}.Release|Any CPU.ActiveCfg = Release|Any CPU
		{24345160-3614-40EA-9AC0-CD45D64F2C52}.Release|Any CPU.Build.0 = Release|Any CPU
		{E50C1D4F-8680-4438-BE0B-FE5D9AFEC685}.Debug|Any CPU.ActiveCfg = Debug|Any CPU
		{E50C1D4F-8680-4438-BE0B-FE5D9AFEC685}.Debug|Any CPU.Build.0 = Debug|Any CPU
		{E50C1D4F-8680-4438-BE0B-FE5D9AFEC685}.Release|Any CPU.ActiveCfg = Release|Any CPU
		{E50C1D4F-8680-4438-BE0B-FE5D9AFEC685}.Release|Any CPU.Build.0 = Release|Any CPU
		{B3E1498D-B0D6-460C-957E-0115010C3F87}.Debug|Any CPU.ActiveCfg = Debug|Any CPU
		{B3E1498D-B0D6-460C-957E-0115010C3F87}.Debug|Any CPU.Build.0 = Debug|Any CPU
		{B3E1498D-B0D6-460C-957E-0115010C3F87}.Release|Any CPU.ActiveCfg = Release|Any CPU
		{B3E1498D-B0D6-460C-957E-0115010C3F87}.Release|Any CPU.Build.0 = Release|Any CPU
		{B742A24B-956C-4958-BE40-334A9E3C6DBF}.Debug|Any CPU.ActiveCfg = Debug|Any CPU
		{B742A24B-956C-4958-BE40-334A9E3C6DBF}.Debug|Any CPU.Build.0 = Debug|Any CPU
		{B742A24B-956C-4958-BE40-334A9E3C6DBF}.Release|Any CPU.ActiveCfg = Release|Any CPU
		{B742A24B-956C-4958-BE40-334A9E3C6DBF}.Release|Any CPU.Build.0 = Release|Any CPU
		{15049DE2-B9E3-4A7F-B8B4-C109EDA3777C}.Debug|Any CPU.ActiveCfg = Debug|Any CPU
		{15049DE2-B9E3-4A7F-B8B4-C109EDA3777C}.Debug|Any CPU.Build.0 = Debug|Any CPU
		{15049DE2-B9E3-4A7F-B8B4-C109EDA3777C}.Release|Any CPU.ActiveCfg = Release|Any CPU
		{15049DE2-B9E3-4A7F-B8B4-C109EDA3777C}.Release|Any CPU.Build.0 = Release|Any CPU
		{EC90BCD0-3618-496D-BEA3-6B2AD41E63DE}.Debug|Any CPU.ActiveCfg = Debug|Any CPU
		{EC90BCD0-3618-496D-BEA3-6B2AD41E63DE}.Debug|Any CPU.Build.0 = Debug|Any CPU
		{EC90BCD0-3618-496D-BEA3-6B2AD41E63DE}.Release|Any CPU.ActiveCfg = Release|Any CPU
		{EC90BCD0-3618-496D-BEA3-6B2AD41E63DE}.Release|Any CPU.Build.0 = Release|Any CPU
		{B13AFCFC-82C3-49A0-89E2-EBEB4604B482}.Debug|Any CPU.ActiveCfg = Debug|Any CPU
		{B13AFCFC-82C3-49A0-89E2-EBEB4604B482}.Debug|Any CPU.Build.0 = Debug|Any CPU
		{B13AFCFC-82C3-49A0-89E2-EBEB4604B482}.Release|Any CPU.ActiveCfg = Release|Any CPU
		{B13AFCFC-82C3-49A0-89E2-EBEB4604B482}.Release|Any CPU.Build.0 = Release|Any CPU
		{F96A0DFA-38EF-46D0-8831-EE3B26A176C0}.Debug|Any CPU.ActiveCfg = Debug|Any CPU
		{F96A0DFA-38EF-46D0-8831-EE3B26A176C0}.Debug|Any CPU.Build.0 = Debug|Any CPU
		{F96A0DFA-38EF-46D0-8831-EE3B26A176C0}.Release|Any CPU.ActiveCfg = Release|Any CPU
		{F96A0DFA-38EF-46D0-8831-EE3B26A176C0}.Release|Any CPU.Build.0 = Release|Any CPU
		{6B2E467E-ECF5-482D-8B9D-3D9409C06ABD}.Debug|Any CPU.ActiveCfg = Debug|Any CPU
		{6B2E467E-ECF5-482D-8B9D-3D9409C06ABD}.Debug|Any CPU.Build.0 = Debug|Any CPU
		{6B2E467E-ECF5-482D-8B9D-3D9409C06ABD}.Release|Any CPU.ActiveCfg = Release|Any CPU
		{6B2E467E-ECF5-482D-8B9D-3D9409C06ABD}.Release|Any CPU.Build.0 = Release|Any CPU
	EndGlobalSection
	GlobalSection(SolutionProperties) = preSolution
		HideSolutionNode = FALSE
	EndGlobalSection
	GlobalSection(ExtensibilityGlobals) = postSolution
		SolutionGuid = {95EF0C9F-1632-4C92-9F37-2C0C616CBA83}
	EndGlobalSection
EndGlobal
